
Microsoft Visual Studio Solution File, Format Version 12.00
# Visual Studio Version 17
VisualStudioVersion = 17.4.33205.214
MinimumVisualStudioVersion = 10.0.40219.1
Project("{FAE04EC0-301F-11D3-BF4B-00C04F79EFBC}") = "AbilityScoreTester", "AbilityScoreTester\AbilityScoreTester.csproj", "{8A7A507C-07B3-4A22-AFF7-9CB9CCE50AAC}"
EndProject
Global
	GlobalSection(SolutionConfigurationPlatforms) = preSolution
		Debug|Any CPU = Debug|Any CPU
		Release|Any CPU = Release|Any CPU
	EndGlobalSection
	GlobalSection(ProjectConfigurationPlatforms) = postSolution
		{8A7A507C-07B3-4A22-AFF7-9CB9CCE50AAC}.Debug|Any CPU.ActiveCfg = Debug|Any CPU
		{8A7A507C-07B3-4A22-AFF7-9CB9CCE50AAC}.Debug|Any CPU.Build.0 = Debug|Any CPU
		{8A7A507C-07B3-4A22-AFF7-9CB9CCE50AAC}.Release|Any CPU.ActiveCfg = Release|Any CPU
		{8A7A507C-07B3-4A22-AFF7-9CB9CCE50AAC}.Release|Any CPU.Build.0 = Release|Any CPU
	EndGlobalSection
	GlobalSection(SolutionProperties) = preSolution
		HideSolutionNode = FALSE
	EndGlobalSection
	GlobalSection(ExtensibilityGlobals) = postSolution
		SolutionGuid = {672504E9-71F8-4302-8218-62035AB7DEDA}
	EndGlobalSection
EndGlobal
